// !$*UTF8*$!
{
	archiveVersion = 1;
	classes = {
	};
	objectVersion = 55;
	objects = {

/* Begin PBXBuildFile section */
		1858E11F2944A88200EEA333 /* AppDelegate.swift in Sources */ = {isa = PBXBuildFile; fileRef = 1858E11E2944A88200EEA333 /* AppDelegate.swift */; };
		1858E1212944A88200EEA333 /* SceneDelegate.swift in Sources */ = {isa = PBXBuildFile; fileRef = 1858E1202944A88200EEA333 /* SceneDelegate.swift */; };
		1858E1232944A88200EEA333 /* MainTabBarViewController.swift in Sources */ = {isa = PBXBuildFile; fileRef = 1858E1222944A88200EEA333 /* MainTabBarViewController.swift */; };
		1858E1282944A88500EEA333 /* Assets.xcassets in Resources */ = {isa = PBXBuildFile; fileRef = 1858E1272944A88500EEA333 /* Assets.xcassets */; };
		1858E12B2944A88500EEA333 /* LaunchScreen.storyboard in Resources */ = {isa = PBXBuildFile; fileRef = 1858E1292944A88500EEA333 /* LaunchScreen.storyboard */; };
		1858E1342944B38800EEA333 /* HomeViewController.swift in Sources */ = {isa = PBXBuildFile; fileRef = 1858E1332944B38800EEA333 /* HomeViewController.swift */; };
		1858E1362944B3D700EEA333 /* UpcomingViewController.swift in Sources */ = {isa = PBXBuildFile; fileRef = 1858E1352944B3D700EEA333 /* UpcomingViewController.swift */; };
		1858E1382944B41400EEA333 /* SearchViewController.swift in Sources */ = {isa = PBXBuildFile; fileRef = 1858E1372944B41400EEA333 /* SearchViewController.swift */; };
		1858E13A2944B45700EEA333 /* DownloadsViewController.swift in Sources */ = {isa = PBXBuildFile; fileRef = 1858E1392944B45700EEA333 /* DownloadsViewController.swift */; };
		1858E1412944D28400EEA333 /* CollectionViewTableViewCell.swift in Sources */ = {isa = PBXBuildFile; fileRef = 1858E1402944D28400EEA333 /* CollectionViewTableViewCell.swift */; };
		1858E1432944E4B700EEA333 /* HeroHeaderUIView.swift in Sources */ = {isa = PBXBuildFile; fileRef = 1858E1422944E4B700EEA333 /* HeroHeaderUIView.swift */; };
		18688E8F2948A4C400E8330C /* APICaller.swift in Sources */ = {isa = PBXBuildFile; fileRef = 18688E8E2948A4C400E8330C /* APICaller.swift */; };
		18688E912948AD4100E8330C /* Title.swift in Sources */ = {isa = PBXBuildFile; fileRef = 18688E902948AD4100E8330C /* Title.swift */; };
		18688E932948BA9600E8330C /* Extensions.swift in Sources */ = {isa = PBXBuildFile; fileRef = 18688E922948BA9600E8330C /* Extensions.swift */; };
		18688E972948E3ED00E8330C /* TitleCollectionViewCell.swift in Sources */ = {isa = PBXBuildFile; fileRef = 18688E962948E3ED00E8330C /* TitleCollectionViewCell.swift */; };
		18688E9A2948EB6000E8330C /* SDWebImage in Frameworks */ = {isa = PBXBuildFile; productRef = 18688E992948EB6000E8330C /* SDWebImage */; };
		18688E9C2948EB6000E8330C /* SDWebImageMapKit in Frameworks */ = {isa = PBXBuildFile; productRef = 18688E9B2948EB6000E8330C /* SDWebImageMapKit */; };
		186C8969294DC41B00095945 /* YoutubeSearchResponse.swift in Sources */ = {isa = PBXBuildFile; fileRef = 186C8968294DC41B00095945 /* YoutubeSearchResponse.swift */; };
		186C896B294DCA3600095945 /* TitlePreviewViewController.swift in Sources */ = {isa = PBXBuildFile; fileRef = 186C896A294DCA3600095945 /* TitlePreviewViewController.swift */; };
		186C896D294DD42500095945 /* TitlePreviewViewModel.swift in Sources */ = {isa = PBXBuildFile; fileRef = 186C896C294DD42500095945 /* TitlePreviewViewModel.swift */; };
		186C899329508AAA00095945 /* NetflixCloneModel.xcdatamodeld in Sources */ = {isa = PBXBuildFile; fileRef = 186C899129508AAA00095945 /* NetflixCloneModel.xcdatamodeld */; };
		186C899529508F1F00095945 /* DataPersistenceManager.swift in Sources */ = {isa = PBXBuildFile; fileRef = 186C899429508F1F00095945 /* DataPersistenceManager.swift */; };
		18BF21E3294A07C7000F3A13 /* TitleTableViewCell.swift in Sources */ = {isa = PBXBuildFile; fileRef = 18BF21E2294A07C7000F3A13 /* TitleTableViewCell.swift */; };
		18BF21E5294A1CB4000F3A13 /* TitleViewModel.swift in Sources */ = {isa = PBXBuildFile; fileRef = 18BF21E4294A1CB4000F3A13 /* TitleViewModel.swift */; };
		18BF21E8294B4AE9000F3A13 /* SearchResultsViewController.swift in Sources */ = {isa = PBXBuildFile; fileRef = 18BF21E7294B4AE9000F3A13 /* SearchResultsViewController.swift */; };
/* End PBXBuildFile section */

/* Begin PBXFileReference section */
		1858E11B2944A88200EEA333 /* Netflix Clone.app */ = {isa = PBXFileReference; explicitFileType = wrapper.application; includeInIndex = 0; path = "Netflix Clone.app"; sourceTree = BUILT_PRODUCTS_DIR; };
		1858E11E2944A88200EEA333 /* AppDelegate.swift */ = {isa = PBXFileReference; lastKnownFileType = sourcecode.swift; path = AppDelegate.swift; sourceTree = "<group>"; };
		1858E1202944A88200EEA333 /* SceneDelegate.swift */ = {isa = PBXFileReference; lastKnownFileType = sourcecode.swift; path = SceneDelegate.swift; sourceTree = "<group>"; };
		1858E1222944A88200EEA333 /* MainTabBarViewController.swift */ = {isa = PBXFileReference; lastKnownFileType = sourcecode.swift; path = MainTabBarViewController.swift; sourceTree = "<group>"; };
		1858E1272944A88500EEA333 /* Assets.xcassets */ = {isa = PBXFileReference; lastKnownFileType = folder.assetcatalog; path = Assets.xcassets; sourceTree = "<group>"; };
		1858E12A2944A88500EEA333 /* Base */ = {isa = PBXFileReference; lastKnownFileType = file.storyboard; name = Base; path = Base.lproj/LaunchScreen.storyboard; sourceTree = "<group>"; };
		1858E12C2944A88500EEA333 /* Info.plist */ = {isa = PBXFileReference; lastKnownFileType = text.plist.xml; path = Info.plist; sourceTree = "<group>"; };
		1858E1332944B38800EEA333 /* HomeViewController.swift */ = {isa = PBXFileReference; lastKnownFileType = sourcecode.swift; path = HomeViewController.swift; sourceTree = "<group>"; };
		1858E1352944B3D700EEA333 /* UpcomingViewController.swift */ = {isa = PBXFileReference; lastKnownFileType = sourcecode.swift; path = UpcomingViewController.swift; sourceTree = "<group>"; };
		1858E1372944B41400EEA333 /* SearchViewController.swift */ = {isa = PBXFileReference; lastKnownFileType = sourcecode.swift; path = SearchViewController.swift; sourceTree = "<group>"; };
		1858E1392944B45700EEA333 /* DownloadsViewController.swift */ = {isa = PBXFileReference; lastKnownFileType = sourcecode.swift; path = DownloadsViewController.swift; sourceTree = "<group>"; };
		1858E1402944D28400EEA333 /* CollectionViewTableViewCell.swift */ = {isa = PBXFileReference; lastKnownFileType = sourcecode.swift; path = CollectionViewTableViewCell.swift; sourceTree = "<group>"; };
		1858E1422944E4B700EEA333 /* HeroHeaderUIView.swift */ = {isa = PBXFileReference; lastKnownFileType = sourcecode.swift; path = HeroHeaderUIView.swift; sourceTree = "<group>"; };
		18688E8E2948A4C400E8330C /* APICaller.swift */ = {isa = PBXFileReference; lastKnownFileType = sourcecode.swift; path = APICaller.swift; sourceTree = "<group>"; };
		18688E902948AD4100E8330C /* Title.swift */ = {isa = PBXFileReference; lastKnownFileType = sourcecode.swift; path = Title.swift; sourceTree = "<group>"; };
		18688E922948BA9600E8330C /* Extensions.swift */ = {isa = PBXFileReference; lastKnownFileType = sourcecode.swift; path = Extensions.swift; sourceTree = "<group>"; };
		18688E962948E3ED00E8330C /* TitleCollectionViewCell.swift */ = {isa = PBXFileReference; lastKnownFileType = sourcecode.swift; path = TitleCollectionViewCell.swift; sourceTree = "<group>"; };
		186C8968294DC41B00095945 /* YoutubeSearchResponse.swift */ = {isa = PBXFileReference; lastKnownFileType = sourcecode.swift; path = YoutubeSearchResponse.swift; sourceTree = "<group>"; };
		186C896A294DCA3600095945 /* TitlePreviewViewController.swift */ = {isa = PBXFileReference; lastKnownFileType = sourcecode.swift; path = TitlePreviewViewController.swift; sourceTree = "<group>"; };
		186C896C294DD42500095945 /* TitlePreviewViewModel.swift */ = {isa = PBXFileReference; lastKnownFileType = sourcecode.swift; path = TitlePreviewViewModel.swift; sourceTree = "<group>"; };
		186C899229508AAA00095945 /* NetflixCloneModel.xcdatamodel */ = {isa = PBXFileReference; lastKnownFileType = wrapper.xcdatamodel; path = NetflixCloneModel.xcdatamodel; sourceTree = "<group>"; };
		186C899429508F1F00095945 /* DataPersistenceManager.swift */ = {isa = PBXFileReference; lastKnownFileType = sourcecode.swift; path = DataPersistenceManager.swift; sourceTree = "<group>"; };
		18BF21E2294A07C7000F3A13 /* TitleTableViewCell.swift */ = {isa = PBXFileReference; lastKnownFileType = sourcecode.swift; path = TitleTableViewCell.swift; sourceTree = "<group>"; };
		18BF21E4294A1CB4000F3A13 /* TitleViewModel.swift */ = {isa = PBXFileReference; lastKnownFileType = sourcecode.swift; path = TitleViewModel.swift; sourceTree = "<group>"; };
		18BF21E7294B4AE9000F3A13 /* SearchResultsViewController.swift */ = {isa = PBXFileReference; lastKnownFileType = sourcecode.swift; path = SearchResultsViewController.swift; sourceTree = "<group>"; };
/* End PBXFileReference section */

/* Begin PBXFrameworksBuildPhase section */
		1858E1182944A88200EEA333 /* Frameworks */ = {
			isa = PBXFrameworksBuildPhase;
			buildActionMask = 2147483647;
			files = (
				18688E9C2948EB6000E8330C /* SDWebImageMapKit in Frameworks */,
				18688E9A2948EB6000E8330C /* SDWebImage in Frameworks */,
			);
			runOnlyForDeploymentPostprocessing = 0;
		};
/* End PBXFrameworksBuildPhase section */

/* Begin PBXGroup section */
		1858E1122944A88200EEA333 = {
			isa = PBXGroup;
			children = (
				1858E11D2944A88200EEA333 /* Netflix Clone */,
				1858E11C2944A88200EEA333 /* Products */,
			);
			sourceTree = "<group>";
		};
		1858E11C2944A88200EEA333 /* Products */ = {
			isa = PBXGroup;
			children = (
				1858E11B2944A88200EEA333 /* Netflix Clone.app */,
			);
			name = Products;
			sourceTree = "<group>";
		};
		1858E11D2944A88200EEA333 /* Netflix Clone */ = {
			isa = PBXGroup;
			children = (
				1858E13F2944D22000EEA333 /* Managers */,
				1858E13E2944D21800EEA333 /* Resources */,
				1858E13D2944D1EB00EEA333 /* Models */,
				1858E13C2944D1E000EEA333 /* Views */,
				1858E13B2944D1D200EEA333 /* ViewModels */,
				1858E1322944B35D00EEA333 /* Controllers */,
				1858E11E2944A88200EEA333 /* AppDelegate.swift */,
				1858E1202944A88200EEA333 /* SceneDelegate.swift */,
				1858E1222944A88200EEA333 /* MainTabBarViewController.swift */,
				1858E1272944A88500EEA333 /* Assets.xcassets */,
				1858E1292944A88500EEA333 /* LaunchScreen.storyboard */,
				1858E12C2944A88500EEA333 /* Info.plist */,
				186C899129508AAA00095945 /* NetflixCloneModel.xcdatamodeld */,
			);
			path = "Netflix Clone";
			sourceTree = "<group>";
		};
		1858E1322944B35D00EEA333 /* Controllers */ = {
			isa = PBXGroup;
			children = (
				18BF21EA294B4BB8000F3A13 /* General */,
				18BF21E9294B4B90000F3A13 /* Core */,
			);
			path = Controllers;
			sourceTree = "<group>";
		};
		1858E13B2944D1D200EEA333 /* ViewModels */ = {
			isa = PBXGroup;
			children = (
				18BF21E4294A1CB4000F3A13 /* TitleViewModel.swift */,
				186C896C294DD42500095945 /* TitlePreviewViewModel.swift */,
			);
			path = ViewModels;
			sourceTree = "<group>";
		};
		1858E13C2944D1E000EEA333 /* Views */ = {
			isa = PBXGroup;
			children = (
				1858E1402944D28400EEA333 /* CollectionViewTableViewCell.swift */,
				1858E1422944E4B700EEA333 /* HeroHeaderUIView.swift */,
				18688E962948E3ED00E8330C /* TitleCollectionViewCell.swift */,
				18BF21E2294A07C7000F3A13 /* TitleTableViewCell.swift */,
			);
			path = Views;
			sourceTree = "<group>";
		};
		1858E13D2944D1EB00EEA333 /* Models */ = {
			isa = PBXGroup;
			children = (
				18688E902948AD4100E8330C /* Title.swift */,
				186C8968294DC41B00095945 /* YoutubeSearchResponse.swift */,
			);
			path = Models;
			sourceTree = "<group>";
		};
		1858E13E2944D21800EEA333 /* Resources */ = {
			isa = PBXGroup;
			children = (
				18688E922948BA9600E8330C /* Extensions.swift */,
			);
			path = Resources;
			sourceTree = "<group>";
		};
		1858E13F2944D22000EEA333 /* Managers */ = {
			isa = PBXGroup;
			children = (
				18688E8E2948A4C400E8330C /* APICaller.swift */,
				186C899429508F1F00095945 /* DataPersistenceManager.swift */,
			);
			path = Managers;
			sourceTree = "<group>";
		};
		18BF21E9294B4B90000F3A13 /* Core */ = {
			isa = PBXGroup;
			children = (
				1858E1332944B38800EEA333 /* HomeViewController.swift */,
				1858E1352944B3D700EEA333 /* UpcomingViewController.swift */,
				1858E1372944B41400EEA333 /* SearchViewController.swift */,
				1858E1392944B45700EEA333 /* DownloadsViewController.swift */,
			);
			path = Core;
			sourceTree = "<group>";
		};
		18BF21EA294B4BB8000F3A13 /* General */ = {
			isa = PBXGroup;
			children = (
				18BF21E7294B4AE9000F3A13 /* SearchResultsViewController.swift */,
				186C896A294DCA3600095945 /* TitlePreviewViewController.swift */,
			);
			path = General;
			sourceTree = "<group>";
		};
/* End PBXGroup section */

/* Begin PBXNativeTarget section */
		1858E11A2944A88200EEA333 /* Netflix Clone */ = {
			isa = PBXNativeTarget;
			buildConfigurationList = 1858E12F2944A88500EEA333 /* Build configuration list for PBXNativeTarget "Netflix Clone" */;
			buildPhases = (
				1858E1172944A88200EEA333 /* Sources */,
				1858E1182944A88200EEA333 /* Frameworks */,
				1858E1192944A88200EEA333 /* Resources */,
			);
			buildRules = (
			);
			dependencies = (
			);
			name = "Netflix Clone";
			packageProductDependencies = (
				18688E992948EB6000E8330C /* SDWebImage */,
				18688E9B2948EB6000E8330C /* SDWebImageMapKit */,
			);
			productName = "Netflix Clone";
			productReference = 1858E11B2944A88200EEA333 /* Netflix Clone.app */;
			productType = "com.apple.product-type.application";
		};
/* End PBXNativeTarget section */

/* Begin PBXProject section */
		1858E1132944A88200EEA333 /* Project object */ = {
			isa = PBXProject;
			attributes = {
				BuildIndependentTargetsInParallel = 1;
				LastSwiftUpdateCheck = 1340;
				LastUpgradeCheck = 1340;
				TargetAttributes = {
					1858E11A2944A88200EEA333 = {
						CreatedOnToolsVersion = 13.4.1;
					};
				};
			};
			buildConfigurationList = 1858E1162944A88200EEA333 /* Build configuration list for PBXProject "Netflix Clone" */;
			compatibilityVersion = "Xcode 13.0";
			developmentRegion = en;
			hasScannedForEncodings = 0;
			knownRegions = (
				en,
				Base,
			);
			mainGroup = 1858E1122944A88200EEA333;
			packageReferences = (
				18688E982948EB6000E8330C /* XCRemoteSwiftPackageReference "SDWebImage" */,
			);
			productRefGroup = 1858E11C2944A88200EEA333 /* Products */;
			projectDirPath = "";
			projectRoot = "";
			targets = (
				1858E11A2944A88200EEA333 /* Netflix Clone */,
			);
		};
/* End PBXProject section */

/* Begin PBXResourcesBuildPhase section */
		1858E1192944A88200EEA333 /* Resources */ = {
			isa = PBXResourcesBuildPhase;
			buildActionMask = 2147483647;
			files = (
				1858E12B2944A88500EEA333 /* LaunchScreen.storyboard in Resources */,
				1858E1282944A88500EEA333 /* Assets.xcassets in Resources */,
			);
			runOnlyForDeploymentPostprocessing = 0;
		};
/* End PBXResourcesBuildPhase section */

/* Begin PBXSourcesBuildPhase section */
		1858E1172944A88200EEA333 /* Sources */ = {
			isa = PBXSourcesBuildPhase;
			buildActionMask = 2147483647;
			files = (
				18BF21E3294A07C7000F3A13 /* TitleTableViewCell.swift in Sources */,
				1858E1382944B41400EEA333 /* SearchViewController.swift in Sources */,
				18688E972948E3ED00E8330C /* TitleCollectionViewCell.swift in Sources */,
				186C899529508F1F00095945 /* DataPersistenceManager.swift in Sources */,
				1858E1232944A88200EEA333 /* MainTabBarViewController.swift in Sources */,
				1858E1412944D28400EEA333 /* CollectionViewTableViewCell.swift in Sources */,
				18688E8F2948A4C400E8330C /* APICaller.swift in Sources */,
				186C899329508AAA00095945 /* NetflixCloneModel.xcdatamodeld in Sources */,
				1858E1432944E4B700EEA333 /* HeroHeaderUIView.swift in Sources */,
				1858E13A2944B45700EEA333 /* DownloadsViewController.swift in Sources */,
				1858E11F2944A88200EEA333 /* AppDelegate.swift in Sources */,
				18BF21E8294B4AE9000F3A13 /* SearchResultsViewController.swift in Sources */,
				18688E932948BA9600E8330C /* Extensions.swift in Sources */,
				186C8969294DC41B00095945 /* YoutubeSearchResponse.swift in Sources */,
				18BF21E5294A1CB4000F3A13 /* TitleViewModel.swift in Sources */,
				186C896D294DD42500095945 /* TitlePreviewViewModel.swift in Sources */,
				1858E1212944A88200EEA333 /* SceneDelegate.swift in Sources */,
				186C896B294DCA3600095945 /* TitlePreviewViewController.swift in Sources */,
				1858E1362944B3D700EEA333 /* UpcomingViewController.swift in Sources */,
				18688E912948AD4100E8330C /* Title.swift in Sources */,
				1858E1342944B38800EEA333 /* HomeViewController.swift in Sources */,
			);
			runOnlyForDeploymentPostprocessing = 0;
		};
/* End PBXSourcesBuildPhase section */

/* Begin PBXVariantGroup section */
		1858E1292944A88500EEA333 /* LaunchScreen.storyboard */ = {
			isa = PBXVariantGroup;
			children = (
				1858E12A2944A88500EEA333 /* Base */,
			);
			name = LaunchScreen.storyboard;
			sourceTree = "<group>";
		};
/* End PBXVariantGroup section */

/* Begin XCBuildConfiguration section */
		1858E12D2944A88500EEA333 /* Debug */ = {
			isa = XCBuildConfiguration;
			buildSettings = {
				ALWAYS_SEARCH_USER_PATHS = NO;
				CLANG_ANALYZER_NONNULL = YES;
				CLANG_ANALYZER_NUMBER_OBJECT_CONVERSION = YES_AGGRESSIVE;
				CLANG_CXX_LANGUAGE_STANDARD = "gnu++17";
				CLANG_ENABLE_MODULES = YES;
				CLANG_ENABLE_OBJC_ARC = YES;
				CLANG_ENABLE_OBJC_WEAK = YES;
				CLANG_WARN_BLOCK_CAPTURE_AUTORELEASING = YES;
				CLANG_WARN_BOOL_CONVERSION = YES;
				CLANG_WARN_COMMA = YES;
				CLANG_WARN_CONSTANT_CONVERSION = YES;
				CLANG_WARN_DEPRECATED_OBJC_IMPLEMENTATIONS = YES;
				CLANG_WARN_DIRECT_OBJC_ISA_USAGE = YES_ERROR;
				CLANG_WARN_DOCUMENTATION_COMMENTS = YES;
				CLANG_WARN_EMPTY_BODY = YES;
				CLANG_WARN_ENUM_CONVERSION = YES;
				CLANG_WARN_INFINITE_RECURSION = YES;
				CLANG_WARN_INT_CONVERSION = YES;
				CLANG_WARN_NON_LITERAL_NULL_CONVERSION = YES;
				CLANG_WARN_OBJC_IMPLICIT_RETAIN_SELF = YES;
				CLANG_WARN_OBJC_LITERAL_CONVERSION = YES;
				CLANG_WARN_OBJC_ROOT_CLASS = YES_ERROR;
				CLANG_WARN_QUOTED_INCLUDE_IN_FRAMEWORK_HEADER = YES;
				CLANG_WARN_RANGE_LOOP_ANALYSIS = YES;
				CLANG_WARN_STRICT_PROTOTYPES = YES;
				CLANG_WARN_SUSPICIOUS_MOVE = YES;
				CLANG_WARN_UNGUARDED_AVAILABILITY = YES_AGGRESSIVE;
				CLANG_WARN_UNREACHABLE_CODE = YES;
				CLANG_WARN__DUPLICATE_METHOD_MATCH = YES;
				COPY_PHASE_STRIP = NO;
				DEBUG_INFORMATION_FORMAT = dwarf;
				ENABLE_STRICT_OBJC_MSGSEND = YES;
				ENABLE_TESTABILITY = YES;
				GCC_C_LANGUAGE_STANDARD = gnu11;
				GCC_DYNAMIC_NO_PIC = NO;
				GCC_NO_COMMON_BLOCKS = YES;
				GCC_OPTIMIZATION_LEVEL = 0;
				GCC_PREPROCESSOR_DEFINITIONS = (
					"DEBUG=1",
					"$(inherited)",
				);
				GCC_WARN_64_TO_32_BIT_CONVERSION = YES;
				GCC_WARN_ABOUT_RETURN_TYPE = YES_ERROR;
				GCC_WARN_UNDECLARED_SELECTOR = YES;
				GCC_WARN_UNINITIALIZED_AUTOS = YES_AGGRESSIVE;
				GCC_WARN_UNUSED_FUNCTION = YES;
				GCC_WARN_UNUSED_VARIABLE = YES;
				IPHONEOS_DEPLOYMENT_TARGET = 15.5;
				MTL_ENABLE_DEBUG_INFO = INCLUDE_SOURCE;
				MTL_FAST_MATH = YES;
				ONLY_ACTIVE_ARCH = YES;
				SDKROOT = iphoneos;
				SWIFT_ACTIVE_COMPILATION_CONDITIONS = DEBUG;
				SWIFT_OPTIMIZATION_LEVEL = "-Onone";
			};
			name = Debug;
		};
		1858E12E2944A88500EEA333 /* Release */ = {
			isa = XCBuildConfiguration;
			buildSettings = {
				ALWAYS_SEARCH_USER_PATHS = NO;
				CLANG_ANALYZER_NONNULL = YES;
				CLANG_ANALYZER_NUMBER_OBJECT_CONVERSION = YES_AGGRESSIVE;
				CLANG_CXX_LANGUAGE_STANDARD = "gnu++17";
				CLANG_ENABLE_MODULES = YES;
				CLANG_ENABLE_OBJC_ARC = YES;
				CLANG_ENABLE_OBJC_WEAK = YES;
				CLANG_WARN_BLOCK_CAPTURE_AUTORELEASING = YES;
				CLANG_WARN_BOOL_CONVERSION = YES;
				CLANG_WARN_COMMA = YES;
				CLANG_WARN_CONSTANT_CONVERSION = YES;
				CLANG_WARN_DEPRECATED_OBJC_IMPLEMENTATIONS = YES;
				CLANG_WARN_DIRECT_OBJC_ISA_USAGE = YES_ERROR;
				CLANG_WARN_DOCUMENTATION_COMMENTS = YES;
				CLANG_WARN_EMPTY_BODY = YES;
				CLANG_WARN_ENUM_CONVERSION = YES;
				CLANG_WARN_INFINITE_RECURSION = YES;
				CLANG_WARN_INT_CONVERSION = YES;
				CLANG_WARN_NON_LITERAL_NULL_CONVERSION = YES;
				CLANG_WARN_OBJC_IMPLICIT_RETAIN_SELF = YES;
				CLANG_WARN_OBJC_LITERAL_CONVERSION = YES;
				CLANG_WARN_OBJC_ROOT_CLASS = YES_ERROR;
				CLANG_WARN_QUOTED_INCLUDE_IN_FRAMEWORK_HEADER = YES;
				CLANG_WARN_RANGE_LOOP_ANALYSIS = YES;
				CLANG_WARN_STRICT_PROTOTYPES = YES;
				CLANG_WARN_SUSPICIOUS_MOVE = YES;
				CLANG_WARN_UNGUARDED_AVAILABILITY = YES_AGGRESSIVE;
				CLANG_WARN_UNREACHABLE_CODE = YES;
				CLANG_WARN__DUPLICATE_METHOD_MATCH = YES;
				COPY_PHASE_STRIP = NO;
				DEBUG_INFORMATION_FORMAT = "dwarf-with-dsym";
				ENABLE_NS_ASSERTIONS = NO;
				ENABLE_STRICT_OBJC_MSGSEND = YES;
				GCC_C_LANGUAGE_STANDARD = gnu11;
				GCC_NO_COMMON_BLOCKS = YES;
				GCC_WARN_64_TO_32_BIT_CONVERSION = YES;
				GCC_WARN_ABOUT_RETURN_TYPE = YES_ERROR;
				GCC_WARN_UNDECLARED_SELECTOR = YES;
				GCC_WARN_UNINITIALIZED_AUTOS = YES_AGGRESSIVE;
				GCC_WARN_UNUSED_FUNCTION = YES;
				GCC_WARN_UNUSED_VARIABLE = YES;
				IPHONEOS_DEPLOYMENT_TARGET = 15.5;
				MTL_ENABLE_DEBUG_INFO = NO;
				MTL_FAST_MATH = YES;
				SDKROOT = iphoneos;
				SWIFT_COMPILATION_MODE = wholemodule;
				SWIFT_OPTIMIZATION_LEVEL = "-O";
				VALIDATE_PRODUCT = YES;
			};
			name = Release;
		};
		1858E1302944A88500EEA333 /* Debug */ = {
			isa = XCBuildConfiguration;
			buildSettings = {
				ASSETCATALOG_COMPILER_APPICON_NAME = AppIcon;
				ASSETCATALOG_COMPILER_GLOBAL_ACCENT_COLOR_NAME = AccentColor;
				CODE_SIGN_STYLE = Automatic;
				CURRENT_PROJECT_VERSION = 1;
				DEVELOPMENT_TEAM = XH7PKF9Q8S;
				GENERATE_INFOPLIST_FILE = YES;
				INFOPLIST_FILE = "Netflix Clone/Info.plist";
				INFOPLIST_KEY_UIApplicationSupportsIndirectInputEvents = YES;
				INFOPLIST_KEY_UILaunchStoryboardName = LaunchScreen;
				INFOPLIST_KEY_UISupportedInterfaceOrientations_iPad = "UIInterfaceOrientationPortrait UIInterfaceOrientationPortraitUpsideDown UIInterfaceOrientationLandscapeLeft UIInterfaceOrientationLandscapeRight";
				INFOPLIST_KEY_UISupportedInterfaceOrientations_iPhone = "UIInterfaceOrientationPortrait UIInterfaceOrientationLandscapeLeft UIInterfaceOrientationLandscapeRight";
				LD_RUNPATH_SEARCH_PATHS = (
					"$(inherited)",
					"@executable_path/Frameworks",
				);
				MARKETING_VERSION = 1.0;
				PRODUCT_BUNDLE_IDENTIFIER = "com.gaisie.Netflix-Clone";
				PRODUCT_NAME = "$(TARGET_NAME)";
				SWIFT_EMIT_LOC_STRINGS = YES;
				SWIFT_VERSION = 5.0;
				TARGETED_DEVICE_FAMILY = "1,2";
			};
			name = Debug;
		};
		1858E1312944A88500EEA333 /* Release */ = {
			isa = XCBuildConfiguration;
			buildSettings = {
				ASSETCATALOG_COMPILER_APPICON_NAME = AppIcon;
				ASSETCATALOG_COMPILER_GLOBAL_ACCENT_COLOR_NAME = AccentColor;
				CODE_SIGN_STYLE = Automatic;
				CURRENT_PROJECT_VERSION = 1;
				DEVELOPMENT_TEAM = XH7PKF9Q8S;
				GENERATE_INFOPLIST_FILE = YES;
				INFOPLIST_FILE = "Netflix Clone/Info.plist";
				INFOPLIST_KEY_UIApplicationSupportsIndirectInputEvents = YES;
				INFOPLIST_KEY_UILaunchStoryboardName = LaunchScreen;
				INFOPLIST_KEY_UISupportedInterfaceOrientations_iPad = "UIInterfaceOrientationPortrait UIInterfaceOrientationPortraitUpsideDown UIInterfaceOrientationLandscapeLeft UIInterfaceOrientationLandscapeRight";
				INFOPLIST_KEY_UISupportedInterfaceOrientations_iPhone = "UIInterfaceOrientationPortrait UIInterfaceOrientationLandscapeLeft UIInterfaceOrientationLandscapeRight";
				LD_RUNPATH_SEARCH_PATHS = (
					"$(inherited)",
					"@executable_path/Frameworks",
				);
				MARKETING_VERSION = 1.0;
				PRODUCT_BUNDLE_IDENTIFIER = "com.gaisie.Netflix-Clone";
				PRODUCT_NAME = "$(TARGET_NAME)";
				SWIFT_EMIT_LOC_STRINGS = YES;
				SWIFT_VERSION = 5.0;
				TARGETED_DEVICE_FAMILY = "1,2";
			};
			name = Release;
		};
/* End XCBuildConfiguration section */

/* Begin XCConfigurationList section */
		1858E1162944A88200EEA333 /* Build configuration list for PBXProject "Netflix Clone" */ = {
			isa = XCConfigurationList;
			buildConfigurations = (
				1858E12D2944A88500EEA333 /* Debug */,
				1858E12E2944A88500EEA333 /* Release */,
			);
			defaultConfigurationIsVisible = 0;
			defaultConfigurationName = Release;
		};
		1858E12F2944A88500EEA333 /* Build configuration list for PBXNativeTarget "Netflix Clone" */ = {
			isa = XCConfigurationList;
			buildConfigurations = (
				1858E1302944A88500EEA333 /* Debug */,
				1858E1312944A88500EEA333 /* Release */,
			);
			defaultConfigurationIsVisible = 0;
			defaultConfigurationName = Release;
		};
/* End XCConfigurationList section */

/* Begin XCRemoteSwiftPackageReference section */
		18688E982948EB6000E8330C /* XCRemoteSwiftPackageReference "SDWebImage" */ = {
			isa = XCRemoteSwiftPackageReference;
			repositoryURL = "https://github.com/SDWebImage/SDWebImage.git";
			requirement = {
				branch = master;
				kind = branch;
			};
		};
/* End XCRemoteSwiftPackageReference section */

/* Begin XCSwiftPackageProductDependency section */
		18688E992948EB6000E8330C /* SDWebImage */ = {
			isa = XCSwiftPackageProductDependency;
			package = 18688E982948EB6000E8330C /* XCRemoteSwiftPackageReference "SDWebImage" */;
			productName = SDWebImage;
		};
		18688E9B2948EB6000E8330C /* SDWebImageMapKit */ = {
			isa = XCSwiftPackageProductDependency;
			package = 18688E982948EB6000E8330C /* XCRemoteSwiftPackageReference "SDWebImage" */;
			productName = SDWebImageMapKit;
		};
/* End XCSwiftPackageProductDependency section */

/* Begin XCVersionGroup section */
		186C899129508AAA00095945 /* NetflixCloneModel.xcdatamodeld */ = {
			isa = XCVersionGroup;
			children = (
				186C899229508AAA00095945 /* NetflixCloneModel.xcdatamodel */,
			);
			currentVersion = 186C899229508AAA00095945 /* NetflixCloneModel.xcdatamodel */;
			path = NetflixCloneModel.xcdatamodeld;
			sourceTree = "<group>";
			versionGroupType = wrapper.xcdatamodel;
		};
/* End XCVersionGroup section */
	};
	rootObject = 1858E1132944A88200EEA333 /* Project object */;
}
